
Microsoft Visual Studio Solution File, Format Version 12.00
# Visual Studio Version 16
VisualStudioVersion = 16.0.31613.86
MinimumVisualStudioVersion = 10.0.40219.1
Project("{FAE04EC0-301F-11D3-BF4B-00C04F79EFBC}") = "Pizzer v2", "Pizzer v2\Pizzer v2.csproj", "{BC7E9677-392C-4A0A-A395-ACD85D5FE854}"
EndProject
Global
	GlobalSection(SolutionConfigurationPlatforms) = preSolution
		Debug|Any CPU = Debug|Any CPU
		Release|Any CPU = Release|Any CPU
	EndGlobalSection
	GlobalSection(ProjectConfigurationPlatforms) = postSolution
		{BC7E9677-392C-4A0A-A395-ACD85D5FE854}.Debug|Any CPU.ActiveCfg = Debug|Any CPU
		{BC7E9677-392C-4A0A-A395-ACD85D5FE854}.Debug|Any CPU.Build.0 = Debug|Any CPU
		{BC7E9677-392C-4A0A-A395-ACD85D5FE854}.Release|Any CPU.ActiveCfg = Release|Any CPU
		{BC7E9677-392C-4A0A-A395-ACD85D5FE854}.Release|Any CPU.Build.0 = Release|Any CPU
	EndGlobalSection
	GlobalSection(SolutionProperties) = preSolution
		HideSolutionNode = FALSE
	EndGlobalSection
	GlobalSection(ExtensibilityGlobals) = postSolution
		SolutionGuid = {665AE0A7-4963-48B3-BFF5-BBCB5E1BA60F}
	EndGlobalSection
EndGlobal
